
Microsoft Visual Studio Solution File, Format Version 12.00
# Visual Studio 14
VisualStudioVersion = 14.0.25420.1
MinimumVisualStudioVersion = 10.0.40219.1
Project("{FAE04EC0-301F-11D3-BF4B-00C04F79EFBC}") = "BankSystem", "BankSystem\BankSystem.csproj", "{66337ADA-9F43-48A7-88DC-66BF43053560}"
EndProject
Project("{FAE04EC0-301F-11D3-BF4B-00C04F79EFBC}") = "Users", "Users\Users.csproj", "{89255E8D-174D-4C9E-A6DF-3E7D2AF84D8F}"
EndProject
Project("{FAE04EC0-301F-11D3-BF4B-00C04F79EFBC}") = "Bank", "Bank\Bank.csproj", "{685D5CE4-0453-401E-B5FC-5B5CCB08899E}"
EndProject
Project("{FAE04EC0-301F-11D3-BF4B-00C04F79EFBC}") = "Core", "Core\Core.csproj", "{718251F5-8095-417F-951F-9CC15BEEABCF}"
EndProject
Global
	GlobalSection(SolutionConfigurationPlatforms) = preSolution
		Debug|Any CPU = Debug|Any CPU
		Release|Any CPU = Release|Any CPU
	EndGlobalSection
	GlobalSection(ProjectConfigurationPlatforms) = postSolution
		{66337ADA-9F43-48A7-88DC-66BF43053560}.Debug|Any CPU.ActiveCfg = Debug|Any CPU
		{66337ADA-9F43-48A7-88DC-66BF43053560}.Debug|Any CPU.Build.0 = Debug|Any CPU
		{66337ADA-9F43-48A7-88DC-66BF43053560}.Release|Any CPU.ActiveCfg = Release|Any CPU
		{66337ADA-9F43-48A7-88DC-66BF43053560}.Release|Any CPU.Build.0 = Release|Any CPU
		{89255E8D-174D-4C9E-A6DF-3E7D2AF84D8F}.Debug|Any CPU.ActiveCfg = Debug|Any CPU
		{89255E8D-174D-4C9E-A6DF-3E7D2AF84D8F}.Debug|Any CPU.Build.0 = Debug|Any CPU
		{89255E8D-174D-4C9E-A6DF-3E7D2AF84D8F}.Release|Any CPU.ActiveCfg = Release|Any CPU
		{89255E8D-174D-4C9E-A6DF-3E7D2AF84D8F}.Release|Any CPU.Build.0 = Release|Any CPU
		{685D5CE4-0453-401E-B5FC-5B5CCB08899E}.Debug|Any CPU.ActiveCfg = Debug|Any CPU
		{685D5CE4-0453-401E-B5FC-5B5CCB08899E}.Debug|Any CPU.Build.0 = Debug|Any CPU
		{685D5CE4-0453-401E-B5FC-5B5CCB08899E}.Release|Any CPU.ActiveCfg = Release|Any CPU
		{685D5CE4-0453-401E-B5FC-5B5CCB08899E}.Release|Any CPU.Build.0 = Release|Any CPU
		{718251F5-8095-417F-951F-9CC15BEEABCF}.Debug|Any CPU.ActiveCfg = Debug|Any CPU
		{718251F5-8095-417F-951F-9CC15BEEABCF}.Debug|Any CPU.Build.0 = Debug|Any CPU
		{718251F5-8095-417F-951F-9CC15BEEABCF}.Release|Any CPU.ActiveCfg = Release|Any CPU
		{718251F5-8095-417F-951F-9CC15BEEABCF}.Release|Any CPU.Build.0 = Release|Any CPU
	EndGlobalSection
	GlobalSection(SolutionProperties) = preSolution
		HideSolutionNode = FALSE
	EndGlobalSection
EndGlobal
